github.com/jamistoso/pokedexcli/internal/pokeapi v0.0.0-20241207225842-43e419f5b17e h1:GvuF7HzoYh0pxHJj2z1XszPw6OQ2gdRAViu6dsm6/zc=
github.com/jamistoso/pokedexcli/internal/pokeapi v0.0.0-20241207225842-43e419f5b17e/go.mod h1:JrgyYJIBSRVZFhDJnAYuUrIw37Ie4IiQR5YMkNa2BL4=
github.com/jamistoso/pokedexcli/internal/pokeapi v0.0.0-20241213211644-0d39163c7644 h1:d+autyPHLYMEe6HiAh9qDtcLAXPZ3r5OzkCUYRrJjGM=
github.com/jamistoso/pokedexcli/internal/pokeapi v0.0.0-20241213211644-0d39163c7644/go.mod h1:JrgyYJIBSRVZFhDJnAYuUrIw37Ie4IiQR5YMkNa2BL4=
github.com/jamistoso/pokedexcli/internal/pokecache v0.0.0-20241213211644-0d39163c7644 h1:U7VtRvWM+TR0xLrjik96fIHTM/soXGuIk6endKzJEQs=
github.com/jamistoso/pokedexcli/internal/pokecache v0.0.0-20241213211644-0d39163c7644/go.mod h1:HHXcEjtekShuh2mg/+XBsCqD8IX0ptQYlZYUT1wl+AU=
